// !$*UTF8*$!
{
	archiveVersion = 1;
	classes = {
	};
	objectVersion = 46;
	objects = {

/* Begin PBXBuildFile section */
		2155676F1DF86CD5009462B1 /* main.m in Sources */ = {isa = PBXBuildFile; fileRef = 2155676E1DF86CD5009462B1 /* main.m */; };
		215567721DF86CD5009462B1 /* AppDelegate.m in Sources */ = {isa = PBXBuildFile; fileRef = 215567711DF86CD5009462B1 /* AppDelegate.m */; };
		215567751DF86CD5009462B1 /* ViewController.m in Sources */ = {isa = PBXBuildFile; fileRef = 215567741DF86CD5009462B1 /* ViewController.m */; };
		215567781DF86CD5009462B1 /* Main.storyboard in Resources */ = {isa = PBXBuildFile; fileRef = 215567761DF86CD5009462B1 /* Main.storyboard */; };
		2155677A1DF86CD5009462B1 /* Assets.xcassets in Resources */ = {isa = PBXBuildFile; fileRef = 215567791DF86CD5009462B1 /* Assets.xcassets */; };
		2155677D1DF86CD5009462B1 /* LaunchScreen.storyboard in Resources */ = {isa = PBXBuildFile; fileRef = 2155677B1DF86CD5009462B1 /* LaunchScreen.storyboard */; };
		215567881DF86CD5009462B1 /* TPiosTests.m in Sources */ = {isa = PBXBuildFile; fileRef = 215567871DF86CD5009462B1 /* TPiosTests.m */; };
		215567931DF86CD5009462B1 /* TPiosUITests.m in Sources */ = {isa = PBXBuildFile; fileRef = 215567921DF86CD5009462B1 /* TPiosUITests.m */; };
/* End PBXBuildFile section */

/* Begin PBXContainerItemProxy section */
		215567841DF86CD5009462B1 /* PBXContainerItemProxy */ = {
			isa = PBXContainerItemProxy;
			containerPortal = 215567621DF86CD5009462B1 /* Project object */;
			proxyType = 1;
			remoteGlobalIDString = 215567691DF86CD5009462B1;
			remoteInfo = TPios;
		};
		2155678F1DF86CD5009462B1 /* PBXContainerItemProxy */ = {
			isa = PBXContainerItemProxy;
			containerPortal = 215567621DF86CD5009462B1 /* Project object */;
			proxyType = 1;
			remoteGlobalIDString = 215567691DF86CD5009462B1;
			remoteInfo = TPios;
		};
/* End PBXContainerItemProxy section */

/* Begin PBXFileReference section */
		2155676A1DF86CD5009462B1 /* TPios.app */ = {isa = PBXFileReference; explicitFileType = wrapper.application; includeInIndex = 0; path = TPios.app; sourceTree = BUILT_PRODUCTS_DIR; };
		2155676E1DF86CD5009462B1 /* main.m */ = {isa = PBXFileReference; lastKnownFileType = sourcecode.c.objc; path = main.m; sourceTree = "<group>"; };
		215567701DF86CD5009462B1 /* AppDelegate.h */ = {isa = PBXFileReference; lastKnownFileType = sourcecode.c.h; path = AppDelegate.h; sourceTree = "<group>"; };
		215567711DF86CD5009462B1 /* AppDelegate.m */ = {isa = PBXFileReference; lastKnownFileType = sourcecode.c.objc; path = AppDelegate.m; sourceTree = "<group>"; };
		215567731DF86CD5009462B1 /* ViewController.h */ = {isa = PBXFileReference; lastKnownFileType = sourcecode.c.h; path = ViewController.h; sourceTree = "<group>"; };
		215567741DF86CD5009462B1 /* ViewController.m */ = {isa = PBXFileReference; lastKnownFileType = sourcecode.c.objc; path = ViewController.m; sourceTree = "<group>"; };
		215567771DF86CD5009462B1 /* Base */ = {isa = PBXFileReference; lastKnownFileType = file.storyboard; name = Base; path = Base.lproj/Main.storyboard; sourceTree = "<group>"; };
		215567791DF86CD5009462B1 /* Assets.xcassets */ = {isa = PBXFileReference; lastKnownFileType = folder.assetcatalog; path = Assets.xcassets; sourceTree = "<group>"; };
		2155677C1DF86CD5009462B1 /* Base */ = {isa = PBXFileReference; lastKnownFileType = file.storyboard; name = Base; path = Base.lproj/LaunchScreen.storyboard; sourceTree = "<group>"; };
		2155677E1DF86CD5009462B1 /* Info.plist */ = {isa = PBXFileReference; lastKnownFileType = text.plist.xml; path = Info.plist; sourceTree = "<group>"; };
		215567831DF86CD5009462B1 /* TPiosTests.xctest */ = {isa = PBXFileReference; explicitFileType = wrapper.cfbundle; includeInIndex = 0; path = TPiosTests.xctest; sourceTree = BUILT_PRODUCTS_DIR; };
		215567871DF86CD5009462B1 /* TPiosTests.m */ = {isa = PBXFileReference; lastKnownFileType = sourcecode.c.objc; path = TPiosTests.m; sourceTree = "<group>"; };
		215567891DF86CD5009462B1 /* Info.plist */ = {isa = PBXFileReference; lastKnownFileType = text.plist.xml; path = Info.plist; sourceTree = "<group>"; };
		2155678E1DF86CD5009462B1 /* TPiosUITests.xctest */ = {isa = PBXFileReference; explicitFileType = wrapper.cfbundle; includeInIndex = 0; path = TPiosUITests.xctest; sourceTree = BUILT_PRODUCTS_DIR; };
		215567921DF86CD5009462B1 /* TPiosUITests.m */ = {isa = PBXFileReference; lastKnownFileType = sourcecode.c.objc; path = TPiosUITests.m; sourceTree = "<group>"; };
		215567941DF86CD5009462B1 /* Info.plist */ = {isa = PBXFileReference; lastKnownFileType = text.plist.xml; path = Info.plist; sourceTree = "<group>"; };
/* End PBXFileReference section */

/* Begin PBXFrameworksBuildPhase section */
		215567671DF86CD5009462B1 /* Frameworks */ = {
			isa = PBXFrameworksBuildPhase;
			buildActionMask = 2147483647;
			files = (
			);
			runOnlyForDeploymentPostprocessing = 0;
		};
		215567801DF86CD5009462B1 /* Frameworks */ = {
			isa = PBXFrameworksBuildPhase;
			buildActionMask = 2147483647;
			files = (
			);
			runOnlyForDeploymentPostprocessing = 0;
		};
		2155678B1DF86CD5009462B1 /* Frameworks */ = {
			isa = PBXFrameworksBuildPhase;
			buildActionMask = 2147483647;
			files = (
			);
			runOnlyForDeploymentPostprocessing = 0;
		};
/* End PBXFrameworksBuildPhase section */

/* Begin PBXGroup section */
		215567611DF86CD5009462B1 = {
			isa = PBXGroup;
			children = (
				2155676C1DF86CD5009462B1 /* TPios */,
				215567861DF86CD5009462B1 /* TPiosTests */,
				215567911DF86CD5009462B1 /* TPiosUITests */,
				2155676B1DF86CD5009462B1 /* Products */,
			);
			sourceTree = "<group>";
		};
		2155676B1DF86CD5009462B1 /* Products */ = {
			isa = PBXGroup;
			children = (
				2155676A1DF86CD5009462B1 /* TPios.app */,
				215567831DF86CD5009462B1 /* TPiosTests.xctest */,
				2155678E1DF86CD5009462B1 /* TPiosUITests.xctest */,
			);
			name = Products;
			sourceTree = "<group>";
		};
		2155676C1DF86CD5009462B1 /* TPios */ = {
			isa = PBXGroup;
			children = (
				215567701DF86CD5009462B1 /* AppDelegate.h */,
				215567711DF86CD5009462B1 /* AppDelegate.m */,
				215567731DF86CD5009462B1 /* ViewController.h */,
				215567741DF86CD5009462B1 /* ViewController.m */,
				215567761DF86CD5009462B1 /* Main.storyboard */,
				215567791DF86CD5009462B1 /* Assets.xcassets */,
				2155677B1DF86CD5009462B1 /* LaunchScreen.storyboard */,
				2155677E1DF86CD5009462B1 /* Info.plist */,
				2155676D1DF86CD5009462B1 /* Supporting Files */,
			);
			path = TPios;
			sourceTree = "<group>";
		};
		2155676D1DF86CD5009462B1 /* Supporting Files */ = {
			isa = PBXGroup;
			children = (
				2155676E1DF86CD5009462B1 /* main.m */,
			);
			name = "Supporting Files";
			sourceTree = "<group>";
		};
		215567861DF86CD5009462B1 /* TPiosTests */ = {
			isa = PBXGroup;
			children = (
				215567871DF86CD5009462B1 /* TPiosTests.m */,
				215567891DF86CD5009462B1 /* Info.plist */,
			);
			path = TPiosTests;
			sourceTree = "<group>";
		};
		215567911DF86CD5009462B1 /* TPiosUITests */ = {
			isa = PBXGroup;
			children = (
				215567921DF86CD5009462B1 /* TPiosUITests.m */,
				215567941DF86CD5009462B1 /* Info.plist */,
			);
			path = TPiosUITests;
			sourceTree = "<group>";
		};
/* End PBXGroup section */

/* Begin PBXNativeTarget section */
		215567691DF86CD5009462B1 /* TPios */ = {
			isa = PBXNativeTarget;
			buildConfigurationList = 215567971DF86CD5009462B1 /* Build configuration list for PBXNativeTarget "TPios" */;
			buildPhases = (
				215567661DF86CD5009462B1 /* Sources */,
				215567671DF86CD5009462B1 /* Frameworks */,
				215567681DF86CD5009462B1 /* Resources */,
			);
			buildRules = (
			);
			dependencies = (
			);
			name = TPios;
			productName = TPios;
			productReference = 2155676A1DF86CD5009462B1 /* TPios.app */;
			productType = "com.apple.product-type.application";
		};
		215567821DF86CD5009462B1 /* TPiosTests */ = {
			isa = PBXNativeTarget;
			buildConfigurationList = 2155679A1DF86CD5009462B1 /* Build configuration list for PBXNativeTarget "TPiosTests" */;
			buildPhases = (
				2155677F1DF86CD5009462B1 /* Sources */,
				215567801DF86CD5009462B1 /* Frameworks */,
				215567811DF86CD5009462B1 /* Resources */,
			);
			buildRules = (
			);
			dependencies = (
				215567851DF86CD5009462B1 /* PBXTargetDependency */,
			);
			name = TPiosTests;
			productName = TPiosTests;
			productReference = 215567831DF86CD5009462B1 /* TPiosTests.xctest */;
			productType = "com.apple.product-type.bundle.unit-test";
		};
		2155678D1DF86CD5009462B1 /* TPiosUITests */ = {
			isa = PBXNativeTarget;
			buildConfigurationList = 2155679D1DF86CD5009462B1 /* Build configuration list for PBXNativeTarget "TPiosUITests" */;
			buildPhases = (
				2155678A1DF86CD5009462B1 /* Sources */,
				2155678B1DF86CD5009462B1 /* Frameworks */,
				2155678C1DF86CD5009462B1 /* Resources */,
			);
			buildRules = (
			);
			dependencies = (
				215567901DF86CD5009462B1 /* PBXTargetDependency */,
			);
			name = TPiosUITests;
			productName = TPiosUITests;
			productReference = 2155678E1DF86CD5009462B1 /* TPiosUITests.xctest */;
			productType = "com.apple.product-type.bundle.ui-testing";
		};
/* End PBXNativeTarget section */

/* Begin PBXProject section */
		215567621DF86CD5009462B1 /* Project object */ = {
			isa = PBXProject;
			attributes = {
				LastUpgradeCheck = 0810;
				ORGANIZATIONNAME = "Grégoire Sayer";
				TargetAttributes = {
					215567691DF86CD5009462B1 = {
						CreatedOnToolsVersion = 8.1;
						DevelopmentTeam = 5Q8FBF8CLA;
						ProvisioningStyle = Automatic;
					};
					215567821DF86CD5009462B1 = {
						CreatedOnToolsVersion = 8.1;
						DevelopmentTeam = 5Q8FBF8CLA;
						ProvisioningStyle = Automatic;
						TestTargetID = 215567691DF86CD5009462B1;
					};
					2155678D1DF86CD5009462B1 = {
						CreatedOnToolsVersion = 8.1;
						DevelopmentTeam = 5Q8FBF8CLA;
						ProvisioningStyle = Automatic;
						TestTargetID = 215567691DF86CD5009462B1;
					};
				};
			};
			buildConfigurationList = 215567651DF86CD5009462B1 /* Build configuration list for PBXProject "TPios" */;
			compatibilityVersion = "Xcode 3.2";
			developmentRegion = English;
			hasScannedForEncodings = 0;
			knownRegions = (
				en,
				Base,
			);
			mainGroup = 215567611DF86CD5009462B1;
			productRefGroup = 2155676B1DF86CD5009462B1 /* Products */;
			projectDirPath = "";
			projectRoot = "";
			targets = (
				215567691DF86CD5009462B1 /* TPios */,
				215567821DF86CD5009462B1 /* TPiosTests */,
				2155678D1DF86CD5009462B1 /* TPiosUITests */,
			);
		};
/* End PBXProject section */

/* Begin PBXResourcesBuildPhase section */
		215567681DF86CD5009462B1 /* Resources */ = {
			isa = PBXResourcesBuildPhase;
			buildActionMask = 2147483647;
			files = (
				2155677D1DF86CD5009462B1 /* LaunchScreen.storyboard in Resources */,
				2155677A1DF86CD5009462B1 /* Assets.xcassets in Resources */,
				215567781DF86CD5009462B1 /* Main.storyboard in Resources */,
			);
			runOnlyForDeploymentPostprocessing = 0;
		};
		215567811DF86CD5009462B1 /* Resources */ = {
			isa = PBXResourcesBuildPhase;
			buildActionMask = 2147483647;
			files = (
			);
			runOnlyForDeploymentPostprocessing = 0;
		};
		2155678C1DF86CD5009462B1 /* Resources */ = {
			isa = PBXResourcesBuildPhase;
			buildActionMask = 2147483647;
			files = (
			);
			runOnlyForDeploymentPostprocessing = 0;
		};
/* End PBXResourcesBuildPhase section */

/* Begin PBXSourcesBuildPhase section */
		215567661DF86CD5009462B1 /* Sources */ = {
			isa = PBXSourcesBuildPhase;
			buildActionMask = 2147483647;
			files = (
				215567751DF86CD5009462B1 /* ViewController.m in Sources */,
				215567721DF86CD5009462B1 /* AppDelegate.m in Sources */,
				2155676F1DF86CD5009462B1 /* main.m in Sources */,
			);
			runOnlyForDeploymentPostprocessing = 0;
		};
		2155677F1DF86CD5009462B1 /* Sources */ = {
			isa = PBXSourcesBuildPhase;
			buildActionMask = 2147483647;
			files = (
				215567881DF86CD5009462B1 /* TPiosTests.m in Sources */,
			);
			runOnlyForDeploymentPostprocessing = 0;
		};
		2155678A1DF86CD5009462B1 /* Sources */ = {
			isa = PBXSourcesBuildPhase;
			buildActionMask = 2147483647;
			files = (
				215567931DF86CD5009462B1 /* TPiosUITests.m in Sources */,
			);
			runOnlyForDeploymentPostprocessing = 0;
		};
/* End PBXSourcesBuildPhase section */

/* Begin PBXTargetDependency section */
		215567851DF86CD5009462B1 /* PBXTargetDependency */ = {
			isa = PBXTargetDependency;
			target = 215567691DF86CD5009462B1 /* TPios */;
			targetProxy = 215567841DF86CD5009462B1 /* PBXContainerItemProxy */;
		};
		215567901DF86CD5009462B1 /* PBXTargetDependency */ = {
			isa = PBXTargetDependency;
			target = 215567691DF86CD5009462B1 /* TPios */;
			targetProxy = 2155678F1DF86CD5009462B1 /* PBXContainerItemProxy */;
		};
/* End PBXTargetDependency section */

/* Begin PBXVariantGroup section */
		215567761DF86CD5009462B1 /* Main.storyboard */ = {
			isa = PBXVariantGroup;
			children = (
				215567771DF86CD5009462B1 /* Base */,
			);
			name = Main.storyboard;
			sourceTree = "<group>";
		};
		2155677B1DF86CD5009462B1 /* LaunchScreen.storyboard */ = {
			isa = PBXVariantGroup;
			children = (
				2155677C1DF86CD5009462B1 /* Base */,
			);
			name = LaunchScreen.storyboard;
			sourceTree = "<group>";
		};
/* End PBXVariantGroup section */

/* Begin XCBuildConfiguration section */
		215567951DF86CD5009462B1 /* Debug */ = {
			isa = XCBuildConfiguration;
			buildSettings = {
				ALWAYS_SEARCH_USER_PATHS = NO;
				CLANG_ANALYZER_NONNULL = YES;
				CLANG_CXX_LANGUAGE_STANDARD = "gnu++0x";
				CLANG_CXX_LIBRARY = "libc++";
				CLANG_ENABLE_MODULES = YES;
				CLANG_ENABLE_OBJC_ARC = YES;
				CLANG_WARN_BOOL_CONVERSION = YES;
				CLANG_WARN_CONSTANT_CONVERSION = YES;
				CLANG_WARN_DIRECT_OBJC_ISA_USAGE = YES_ERROR;
				CLANG_WARN_DOCUMENTATION_COMMENTS = YES;
				CLANG_WARN_EMPTY_BODY = YES;
				CLANG_WARN_ENUM_CONVERSION = YES;
				CLANG_WARN_INFINITE_RECURSION = YES;
				CLANG_WARN_INT_CONVERSION = YES;
				CLANG_WARN_OBJC_ROOT_CLASS = YES_ERROR;
				CLANG_WARN_SUSPICIOUS_MOVES = YES;
				CLANG_WARN_UNREACHABLE_CODE = YES;
				CLANG_WARN__DUPLICATE_METHOD_MATCH = YES;
				"CODE_SIGN_IDENTITY[sdk=iphoneos*]" = "iPhone Developer";
				COPY_PHASE_STRIP = NO;
				DEBUG_INFORMATION_FORMAT = dwarf;
				ENABLE_STRICT_OBJC_MSGSEND = YES;
				ENABLE_TESTABILITY = YES;
				GCC_C_LANGUAGE_STANDARD = gnu99;
				GCC_DYNAMIC_NO_PIC = NO;
				GCC_NO_COMMON_BLOCKS = YES;
				GCC_OPTIMIZATION_LEVEL = 0;
				GCC_PREPROCESSOR_DEFINITIONS = (
					"DEBUG=1",
					"$(inherited)",
				);
				GCC_WARN_64_TO_32_BIT_CONVERSION = YES;
				GCC_WARN_ABOUT_RETURN_TYPE = YES_ERROR;
				GCC_WARN_UNDECLARED_SELECTOR = YES;
				GCC_WARN_UNINITIALIZED_AUTOS = YES_AGGRESSIVE;
				GCC_WARN_UNUSED_FUNCTION = YES;
				GCC_WARN_UNUSED_VARIABLE = YES;
				IPHONEOS_DEPLOYMENT_TARGET = 10.1;
				MTL_ENABLE_DEBUG_INFO = YES;
				ONLY_ACTIVE_ARCH = YES;
				SDKROOT = iphoneos;
				TARGETED_DEVICE_FAMILY = "1,2";
			};
			name = Debug;
		};
		215567961DF86CD5009462B1 /* Release */ = {
			isa = XCBuildConfiguration;
			buildSettings = {
				ALWAYS_SEARCH_USER_PATHS = NO;
				CLANG_ANALYZER_NONNULL = YES;
				CLANG_CXX_LANGUAGE_STANDARD = "gnu++0x";
				CLANG_CXX_LIBRARY = "libc++";
				CLANG_ENABLE_MODULES = YES;
				CLANG_ENABLE_OBJC_ARC = YES;
				CLANG_WARN_BOOL_CONVERSION = YES;
				CLANG_WARN_CONSTANT_CONVERSION = YES;
				CLANG_WARN_DIRECT_OBJC_ISA_USAGE = YES_ERROR;
				CLANG_WARN_DOCUMENTATION_COMMENTS = YES;
				CLANG_WARN_EMPTY_BODY = YES;
				CLANG_WARN_ENUM_CONVERSION = YES;
				CLANG_WARN_INFINITE_RECURSION = YES;
				CLANG_WARN_INT_CONVERSION = YES;
				CLANG_WARN_OBJC_ROOT_CLASS = YES_ERROR;
				CLANG_WARN_SUSPICIOUS_MOVES = YES;
				CLANG_WARN_UNREACHABLE_CODE = YES;
				CLANG_WARN__DUPLICATE_METHOD_MATCH = YES;
				"CODE_SIGN_IDENTITY[sdk=iphoneos*]" = "iPhone Developer";
				COPY_PHASE_STRIP = NO;
				DEBUG_INFORMATION_FORMAT = "dwarf-with-dsym";
				ENABLE_NS_ASSERTIONS = NO;
				ENABLE_STRICT_OBJC_MSGSEND = YES;
				GCC_C_LANGUAGE_STANDARD = gnu99;
				GCC_NO_COMMON_BLOCKS = YES;
				GCC_WARN_64_TO_32_BIT_CONVERSION = YES;
				GCC_WARN_ABOUT_RETURN_TYPE = YES_ERROR;
				GCC_WARN_UNDECLARED_SELECTOR = YES;
				GCC_WARN_UNINITIALIZED_AUTOS = YES_AGGRESSIVE;
				GCC_WARN_UNUSED_FUNCTION = YES;
				GCC_WARN_UNUSED_VARIABLE = YES;
				IPHONEOS_DEPLOYMENT_TARGET = 10.1;
				MTL_ENABLE_DEBUG_INFO = NO;
				SDKROOT = iphoneos;
				TARGETED_DEVICE_FAMILY = "1,2";
				VALIDATE_PRODUCT = YES;
			};
			name = Release;
		};
		215567981DF86CD5009462B1 /* Debug */ = {
			isa = XCBuildConfiguration;
			buildSettings = {
				ASSETCATALOG_COMPILER_APPICON_NAME = AppIcon;
				DEVELOPMENT_TEAM = 5Q8FBF8CLA;
				INFOPLIST_FILE = TPios/Info.plist;
				LD_RUNPATH_SEARCH_PATHS = "$(inherited) @executable_path/Frameworks";
				PRODUCT_BUNDLE_IDENTIFIER = gregsayer.TPios;
				PRODUCT_NAME = "$(TARGET_NAME)";
			};
			name = Debug;
		};
		215567991DF86CD5009462B1 /* Release */ = {
			isa = XCBuildConfiguration;
			buildSettings = {
				ASSETCATALOG_COMPILER_APPICON_NAME = AppIcon;
				DEVELOPMENT_TEAM = 5Q8FBF8CLA;
				INFOPLIST_FILE = TPios/Info.plist;
				LD_RUNPATH_SEARCH_PATHS = "$(inherited) @executable_path/Frameworks";
				PRODUCT_BUNDLE_IDENTIFIER = gregsayer.TPios;
				PRODUCT_NAME = "$(TARGET_NAME)";
			};
			name = Release;
		};
		2155679B1DF86CD5009462B1 /* Debug */ = {
			isa = XCBuildConfiguration;
			buildSettings = {
				BUNDLE_LOADER = "$(TEST_HOST)";
				DEVELOPMENT_TEAM = 5Q8FBF8CLA;
				INFOPLIST_FILE = TPiosTests/Info.plist;
				LD_RUNPATH_SEARCH_PATHS = "$(inherited) @executable_path/Frameworks @loader_path/Frameworks";
				PRODUCT_BUNDLE_IDENTIFIER = gregsayer.TPiosTests;
				PRODUCT_NAME = "$(TARGET_NAME)";
				TEST_HOST = "$(BUILT_PRODUCTS_DIR)/TPios.app/TPios";
			};
			name = Debug;
		};
		2155679C1DF86CD5009462B1 /* Release */ = {
			isa = XCBuildConfiguration;
			buildSettings = {
				BUNDLE_LOADER = "$(TEST_HOST)";
				DEVELOPMENT_TEAM = 5Q8FBF8CLA;
				INFOPLIST_FILE = TPiosTests/Info.plist;
				LD_RUNPATH_SEARCH_PATHS = "$(inherited) @executable_path/Frameworks @loader_path/Frameworks";
				PRODUCT_BUNDLE_IDENTIFIER = gregsayer.TPiosTests;
				PRODUCT_NAME = "$(TARGET_NAME)";
				TEST_HOST = "$(BUILT_PRODUCTS_DIR)/TPios.app/TPios";
			};
			name = Release;
		};
		2155679E1DF86CD5009462B1 /* Debug */ = {
			isa = XCBuildConfiguration;
			buildSettings = {
				DEVELOPMENT_TEAM = 5Q8FBF8CLA;
				INFOPLIST_FILE = TPiosUITests/Info.plist;
				LD_RUNPATH_SEARCH_PATHS = "$(inherited) @executable_path/Frameworks @loader_path/Frameworks";
				PRODUCT_BUNDLE_IDENTIFIER = gregsayer.TPiosUITests;
				PRODUCT_NAME = "$(TARGET_NAME)";
				TEST_TARGET_NAME = TPios;
			};
			name = Debug;
		};
		2155679F1DF86CD5009462B1 /* Release */ = {
			isa = XCBuildConfiguration;
			buildSettings = {
				DEVELOPMENT_TEAM = 5Q8FBF8CLA;
				INFOPLIST_FILE = TPiosUITests/Info.plist;
				LD_RUNPATH_SEARCH_PATHS = "$(inherited) @executable_path/Frameworks @loader_path/Frameworks";
				PRODUCT_BUNDLE_IDENTIFIER = gregsayer.TPiosUITests;
				PRODUCT_NAME = "$(TARGET_NAME)";
				TEST_TARGET_NAME = TPios;
			};
			name = Release;
		};
/* End XCBuildConfiguration section */

/* Begin XCConfigurationList section */
		215567651DF86CD5009462B1 /* Build configuration list for PBXProject "TPios" */ = {
			isa = XCConfigurationList;
			buildConfigurations = (
				215567951DF86CD5009462B1 /* Debug */,
				215567961DF86CD5009462B1 /* Release */,
			);
			defaultConfigurationIsVisible = 0;
			defaultConfigurationName = Release;
		};
		215567971DF86CD5009462B1 /* Build configuration list for PBXNativeTarget "TPios" */ = {
			isa = XCConfigurationList;
			buildConfigurations = (
				215567981DF86CD5009462B1 /* Debug */,
				215567991DF86CD5009462B1 /* Release */,
			);
			defaultConfigurationIsVisible = 0;
		};
		2155679A1DF86CD5009462B1 /* Build configuration list for PBXNativeTarget "TPiosTests" */ = {
			isa = XCConfigurationList;
			buildConfigurations = (
				2155679B1DF86CD5009462B1 /* Debug */,
				2155679C1DF86CD5009462B1 /* Release */,
			);
			defaultConfigurationIsVisible = 0;
		};
		2155679D1DF86CD5009462B1 /* Build configuration list for PBXNativeTarget "TPiosUITests" */ = {
			isa = XCConfigurationList;
			buildConfigurations = (
				2155679E1DF86CD5009462B1 /* Debug */,
				2155679F1DF86CD5009462B1 /* Release */,
			);
			defaultConfigurationIsVisible = 0;
		};
/* End XCConfigurationList section */
	};
	rootObject = 215567621DF86CD5009462B1 /* Project object */;
}
